{
	"name": "@bhc/bhcauthsdk",
	"version": "1.0.20",
	"lockfileVersion": 1,
	"requires": true,
	"dependencies": {
		"crypto-js": {
			"version": "3.1.9-1",
			"resolved": "https://registry.npmjs.org/crypto-js/-/crypto-js-3.1.9-1.tgz",
			"integrity": "sha1-/aGedh/Ad+Af+/3G6f38WeiAbNg="
		},
		"expo-jwt": {
			"version": "1.2.0",
			"resolved": "https://registry.npmjs.org/expo-jwt/-/expo-jwt-1.2.0.tgz",
			"integrity": "sha512-2xi59tSD4Q134qwIz5zlFWvlDqmCzHzvljO5n/vJDqWQ2bX0QyTlIrQeobgm5qVz5xVWd5gUnlQZe2wHtFzObQ==",
			"requires": {
				"crypto-js": "^3.1.9-1"
			}
		}
	}
}
